
Microsoft Visual Studio Solution File, Format Version 12.00
# Visual Studio Version 17
VisualStudioVersion = 17.3.32929.385
MinimumVisualStudioVersion = 10.0.40219.1
Project("{9A19103F-16F7-4668-BE54-9A1E7A4F7556}") = "EcommerceWeb.API", "EcommerceWeb.API\EcommerceWeb.API.csproj", "{61AE4ABB-A2C2-4D59-93D3-B94E707630F5}"
EndProject
Project("{9A19103F-16F7-4668-BE54-9A1E7A4F7556}") = "EcommerceWeb.CustomerSite", "EcommerceWeb.CustomerSite\EcommerceWeb.CustomerSite.csproj", "{0D5DB7EF-AF19-40A6-95D5-31B16B163660}"
EndProject
Project("{9A19103F-16F7-4668-BE54-9A1E7A4F7556}") = "EcommerceWeb.Data", "EcommerceWeb.Data\EcommerceWeb.Data.csproj", "{F892DA25-4325-4671-AB85-473DC36B3D0B}"
	ProjectSection(ProjectDependencies) = postProject
		{9172F48B-4664-4547-A647-A0BA81F54CBE} = {9172F48B-4664-4547-A647-A0BA81F54CBE}
	EndProjectSection
EndProject
Project("{9A19103F-16F7-4668-BE54-9A1E7A4F7556}") = "EcommerceWeb.Dto", "EcommerceWeb.Dto\EcommerceWeb.Dto.csproj", "{9172F48B-4664-4547-A647-A0BA81F54CBE}"
EndProject
Project("{9A19103F-16F7-4668-BE54-9A1E7A4F7556}") = "EcommerceWeb.API.Tests", "EcommerceWeb.API.Tests\EcommerceWeb.API.Tests.csproj", "{AA6DFADF-B91C-4DBD-A20C-B9D6EA5A06F2}"
EndProject
Project("{9A19103F-16F7-4668-BE54-9A1E7A4F7556}") = "EcommerceWeb.AdminSite", "EcommerceWeb.AdminSite\EcommerceWeb.AdminSite.csproj", "{D1DB7655-008D-4343-8DBE-8A3D75F0CA19}"
EndProject
Project("{FAE04EC0-301F-11D3-BF4B-00C04F79EFBC}") = "EcommerceWeb.APITests", "EcommerceWeb.APITests\EcommerceWeb.APITests.csproj", "{7AC2F983-0D27-4017-93D8-6EBC0CCA0CD0}"
EndProject
Global
	GlobalSection(SolutionConfigurationPlatforms) = preSolution
		Debug|Any CPU = Debug|Any CPU
		Release|Any CPU = Release|Any CPU
	EndGlobalSection
	GlobalSection(ProjectConfigurationPlatforms) = postSolution
		{61AE4ABB-A2C2-4D59-93D3-B94E707630F5}.Debug|Any CPU.ActiveCfg = Debug|Any CPU
		{61AE4ABB-A2C2-4D59-93D3-B94E707630F5}.Debug|Any CPU.Build.0 = Debug|Any CPU
		{61AE4ABB-A2C2-4D59-93D3-B94E707630F5}.Release|Any CPU.ActiveCfg = Release|Any CPU
		{61AE4ABB-A2C2-4D59-93D3-B94E707630F5}.Release|Any CPU.Build.0 = Release|Any CPU
		{0D5DB7EF-AF19-40A6-95D5-31B16B163660}.Debug|Any CPU.ActiveCfg = Debug|Any CPU
		{0D5DB7EF-AF19-40A6-95D5-31B16B163660}.Debug|Any CPU.Build.0 = Debug|Any CPU
		{0D5DB7EF-AF19-40A6-95D5-31B16B163660}.Release|Any CPU.ActiveCfg = Release|Any CPU
		{0D5DB7EF-AF19-40A6-95D5-31B16B163660}.Release|Any CPU.Build.0 = Release|Any CPU
		{F892DA25-4325-4671-AB85-473DC36B3D0B}.Debug|Any CPU.ActiveCfg = Debug|Any CPU
		{F892DA25-4325-4671-AB85-473DC36B3D0B}.Debug|Any CPU.Build.0 = Debug|Any CPU
		{F892DA25-4325-4671-AB85-473DC36B3D0B}.Release|Any CPU.ActiveCfg = Release|Any CPU
		{F892DA25-4325-4671-AB85-473DC36B3D0B}.Release|Any CPU.Build.0 = Release|Any CPU
		{9172F48B-4664-4547-A647-A0BA81F54CBE}.Debug|Any CPU.ActiveCfg = Debug|Any CPU
		{9172F48B-4664-4547-A647-A0BA81F54CBE}.Debug|Any CPU.Build.0 = Debug|Any CPU
		{9172F48B-4664-4547-A647-A0BA81F54CBE}.Release|Any CPU.ActiveCfg = Release|Any CPU
		{9172F48B-4664-4547-A647-A0BA81F54CBE}.Release|Any CPU.Build.0 = Release|Any CPU
		{AA6DFADF-B91C-4DBD-A20C-B9D6EA5A06F2}.Debug|Any CPU.ActiveCfg = Debug|Any CPU
		{AA6DFADF-B91C-4DBD-A20C-B9D6EA5A06F2}.Debug|Any CPU.Build.0 = Debug|Any CPU
		{AA6DFADF-B91C-4DBD-A20C-B9D6EA5A06F2}.Release|Any CPU.ActiveCfg = Release|Any CPU
		{AA6DFADF-B91C-4DBD-A20C-B9D6EA5A06F2}.Release|Any CPU.Build.0 = Release|Any CPU
		{D1DB7655-008D-4343-8DBE-8A3D75F0CA19}.Debug|Any CPU.ActiveCfg = Debug|Any CPU
		{D1DB7655-008D-4343-8DBE-8A3D75F0CA19}.Debug|Any CPU.Build.0 = Debug|Any CPU
		{D1DB7655-008D-4343-8DBE-8A3D75F0CA19}.Release|Any CPU.ActiveCfg = Release|Any CPU
		{D1DB7655-008D-4343-8DBE-8A3D75F0CA19}.Release|Any CPU.Build.0 = Release|Any CPU
		{7AC2F983-0D27-4017-93D8-6EBC0CCA0CD0}.Debug|Any CPU.ActiveCfg = Debug|Any CPU
		{7AC2F983-0D27-4017-93D8-6EBC0CCA0CD0}.Debug|Any CPU.Build.0 = Debug|Any CPU
		{7AC2F983-0D27-4017-93D8-6EBC0CCA0CD0}.Release|Any CPU.ActiveCfg = Release|Any CPU
		{7AC2F983-0D27-4017-93D8-6EBC0CCA0CD0}.Release|Any CPU.Build.0 = Release|Any CPU
	EndGlobalSection
	GlobalSection(SolutionProperties) = preSolution
		HideSolutionNode = FALSE
	EndGlobalSection
	GlobalSection(ExtensibilityGlobals) = postSolution
		SolutionGuid = {2C97DC2F-40E8-4DD8-8D10-48FD56B9FB35}
	EndGlobalSection
EndGlobal
